
Microsoft Visual Studio Solution File, Format Version 12.00
# Visual Studio Version 16
VisualStudioVersion = 16.0.30804.86
MinimumVisualStudioVersion = 10.0.40219.1
Project("{FAE04EC0-301F-11D3-BF4B-00C04F79EFBC}") = "OptParmMethod", "OptParmMethod\OptParmMethod.csproj", "{58358ED1-98A2-4664-A717-A53A3B4C0DA4}"
EndProject
Global
	GlobalSection(SolutionConfigurationPlatforms) = preSolution
		Debug|Any CPU = Debug|Any CPU
		Release|Any CPU = Release|Any CPU
	EndGlobalSection
	GlobalSection(ProjectConfigurationPlatforms) = postSolution
		{58358ED1-98A2-4664-A717-A53A3B4C0DA4}.Debug|Any CPU.ActiveCfg = Debug|Any CPU
		{58358ED1-98A2-4664-A717-A53A3B4C0DA4}.Debug|Any CPU.Build.0 = Debug|Any CPU
		{58358ED1-98A2-4664-A717-A53A3B4C0DA4}.Release|Any CPU.ActiveCfg = Release|Any CPU
		{58358ED1-98A2-4664-A717-A53A3B4C0DA4}.Release|Any CPU.Build.0 = Release|Any CPU
	EndGlobalSection
	GlobalSection(SolutionProperties) = preSolution
		HideSolutionNode = FALSE
	EndGlobalSection
	GlobalSection(ExtensibilityGlobals) = postSolution
		SolutionGuid = {5EBBC61C-2B90-4C4F-83DB-17313CDAA494}
	EndGlobalSection
EndGlobal
