
Microsoft Visual Studio Solution File, Format Version 12.00
# Visual Studio Version 16
VisualStudioVersion = 16.0.30804.86
MinimumVisualStudioVersion = 10.0.40219.1
Project("{FAE04EC0-301F-11D3-BF4B-00C04F79EFBC}") = "PackageShippingProgram", "PackageShippingProgram\PackageShippingProgram.csproj", "{306F05EA-2C96-4A33-8A52-466A17381579}"
EndProject
Global
	GlobalSection(SolutionConfigurationPlatforms) = preSolution
		Debug|Any CPU = Debug|Any CPU
		Release|Any CPU = Release|Any CPU
	EndGlobalSection
	GlobalSection(ProjectConfigurationPlatforms) = postSolution
		{306F05EA-2C96-4A33-8A52-466A17381579}.Debug|Any CPU.ActiveCfg = Debug|Any CPU
		{306F05EA-2C96-4A33-8A52-466A17381579}.Debug|Any CPU.Build.0 = Debug|Any CPU
		{306F05EA-2C96-4A33-8A52-466A17381579}.Release|Any CPU.ActiveCfg = Release|Any CPU
		{306F05EA-2C96-4A33-8A52-466A17381579}.Release|Any CPU.Build.0 = Release|Any CPU
	EndGlobalSection
	GlobalSection(SolutionProperties) = preSolution
		HideSolutionNode = FALSE
	EndGlobalSection
	GlobalSection(ExtensibilityGlobals) = postSolution
		SolutionGuid = {C08FE0BF-4235-4AD1-8EB7-FB7EB5C1BC9A}
	EndGlobalSection
EndGlobal
