
Microsoft Visual Studio Solution File, Format Version 12.00
# Visual Studio Version 16
VisualStudioVersion = 16.0.30804.86
MinimumVisualStudioVersion = 10.0.40219.1
Project("{FAE04EC0-301F-11D3-BF4B-00C04F79EFBC}") = "ConsoleApp", "ConsoleApp\ConsoleApp.csproj", "{1DD7CC7E-CABB-4CA3-9559-E3AB5C023A33}"
EndProject
Global
	GlobalSection(SolutionConfigurationPlatforms) = preSolution
		Debug|Any CPU = Debug|Any CPU
		Release|Any CPU = Release|Any CPU
	EndGlobalSection
	GlobalSection(ProjectConfigurationPlatforms) = postSolution
		{1DD7CC7E-CABB-4CA3-9559-E3AB5C023A33}.Debug|Any CPU.ActiveCfg = Debug|Any CPU
		{1DD7CC7E-CABB-4CA3-9559-E3AB5C023A33}.Debug|Any CPU.Build.0 = Debug|Any CPU
		{1DD7CC7E-CABB-4CA3-9559-E3AB5C023A33}.Release|Any CPU.ActiveCfg = Release|Any CPU
		{1DD7CC7E-CABB-4CA3-9559-E3AB5C023A33}.Release|Any CPU.Build.0 = Release|Any CPU
	EndGlobalSection
	GlobalSection(SolutionProperties) = preSolution
		HideSolutionNode = FALSE
	EndGlobalSection
	GlobalSection(ExtensibilityGlobals) = postSolution
		SolutionGuid = {A65B6603-BD69-48E6-A7FF-B8BD73FAC3A7}
	EndGlobalSection
EndGlobal
