
Microsoft Visual Studio Solution File, Format Version 12.00
# Visual Studio Version 16
VisualStudioVersion = 16.0.30804.86
MinimumVisualStudioVersion = 10.0.40219.1
Project("{FAE04EC0-301F-11D3-BF4B-00C04F79EFBC}") = "Math", "Math\Math.csproj", "{CF9F92D7-31F9-491B-8D4B-AC9EDFCB732F}"
EndProject
Global
	GlobalSection(SolutionConfigurationPlatforms) = preSolution
		Debug|Any CPU = Debug|Any CPU
		Release|Any CPU = Release|Any CPU
	EndGlobalSection
	GlobalSection(ProjectConfigurationPlatforms) = postSolution
		{CF9F92D7-31F9-491B-8D4B-AC9EDFCB732F}.Debug|Any CPU.ActiveCfg = Debug|Any CPU
		{CF9F92D7-31F9-491B-8D4B-AC9EDFCB732F}.Debug|Any CPU.Build.0 = Debug|Any CPU
		{CF9F92D7-31F9-491B-8D4B-AC9EDFCB732F}.Release|Any CPU.ActiveCfg = Release|Any CPU
		{CF9F92D7-31F9-491B-8D4B-AC9EDFCB732F}.Release|Any CPU.Build.0 = Release|Any CPU
	EndGlobalSection
	GlobalSection(SolutionProperties) = preSolution
		HideSolutionNode = FALSE
	EndGlobalSection
	GlobalSection(ExtensibilityGlobals) = postSolution
		SolutionGuid = {9F6552C1-FC12-4845-BA17-58353ABCA4F8}
	EndGlobalSection
EndGlobal
